
Microsoft Visual Studio Solution File, Format Version 12.00
# Visual Studio Version 17
VisualStudioVersion = 17.1.32328.378
MinimumVisualStudioVersion = 10.0.40219.1
Project("{9A19103F-16F7-4668-BE54-9A1E7A4F7556}") = "DataAccess", "DataAccess\DataAccess.csproj", "{ED798A13-13D1-44B5-9B52-D1F6527086D4}"
EndProject
Project("{9A19103F-16F7-4668-BE54-9A1E7A4F7556}") = "Business", "Business\Business.csproj", "{0C7736DA-1648-44F3-A6CB-071EC06524CA}"
EndProject
Project("{9A19103F-16F7-4668-BE54-9A1E7A4F7556}") = "Entities", "Entities\Entities.csproj", "{2F50F0AF-F5F5-4403-9813-887DAB8DB213}"
EndProject
Project("{9A19103F-16F7-4668-BE54-9A1E7A4F7556}") = "ConsoleUI", "ConsoleUI\ConsoleUI.csproj", "{E28B1015-4193-47A7-A20A-5FA4A4818B45}"
EndProject
Project("{9A19103F-16F7-4668-BE54-9A1E7A4F7556}") = "Core", "Core\Core.csproj", "{7B8BF672-88A2-433E-903F-2EEFABC9CF54}"
EndProject
Project("{FAE04EC0-301F-11D3-BF4B-00C04F79EFBC}") = "WebAPI", "WebAPI\WebAPI.csproj", "{C2A783CF-A9B3-4F36-A2FF-A38456B4ACEA}"
EndProject
Global
	GlobalSection(SolutionConfigurationPlatforms) = preSolution
		Debug|Any CPU = Debug|Any CPU
		Release|Any CPU = Release|Any CPU
	EndGlobalSection
	GlobalSection(ProjectConfigurationPlatforms) = postSolution
		{ED798A13-13D1-44B5-9B52-D1F6527086D4}.Debug|Any CPU.ActiveCfg = Debug|Any CPU
		{ED798A13-13D1-44B5-9B52-D1F6527086D4}.Debug|Any CPU.Build.0 = Debug|Any CPU
		{ED798A13-13D1-44B5-9B52-D1F6527086D4}.Release|Any CPU.ActiveCfg = Release|Any CPU
		{ED798A13-13D1-44B5-9B52-D1F6527086D4}.Release|Any CPU.Build.0 = Release|Any CPU
		{0C7736DA-1648-44F3-A6CB-071EC06524CA}.Debug|Any CPU.ActiveCfg = Debug|Any CPU
		{0C7736DA-1648-44F3-A6CB-071EC06524CA}.Debug|Any CPU.Build.0 = Debug|Any CPU
		{0C7736DA-1648-44F3-A6CB-071EC06524CA}.Release|Any CPU.ActiveCfg = Release|Any CPU
		{0C7736DA-1648-44F3-A6CB-071EC06524CA}.Release|Any CPU.Build.0 = Release|Any CPU
		{2F50F0AF-F5F5-4403-9813-887DAB8DB213}.Debug|Any CPU.ActiveCfg = Debug|Any CPU
		{2F50F0AF-F5F5-4403-9813-887DAB8DB213}.Debug|Any CPU.Build.0 = Debug|Any CPU
		{2F50F0AF-F5F5-4403-9813-887DAB8DB213}.Release|Any CPU.ActiveCfg = Release|Any CPU
		{2F50F0AF-F5F5-4403-9813-887DAB8DB213}.Release|Any CPU.Build.0 = Release|Any CPU
		{E28B1015-4193-47A7-A20A-5FA4A4818B45}.Debug|Any CPU.ActiveCfg = Debug|Any CPU
		{E28B1015-4193-47A7-A20A-5FA4A4818B45}.Debug|Any CPU.Build.0 = Debug|Any CPU
		{E28B1015-4193-47A7-A20A-5FA4A4818B45}.Release|Any CPU.ActiveCfg = Release|Any CPU
		{E28B1015-4193-47A7-A20A-5FA4A4818B45}.Release|Any CPU.Build.0 = Release|Any CPU
		{7B8BF672-88A2-433E-903F-2EEFABC9CF54}.Debug|Any CPU.ActiveCfg = Debug|Any CPU
		{7B8BF672-88A2-433E-903F-2EEFABC9CF54}.Debug|Any CPU.Build.0 = Debug|Any CPU
		{7B8BF672-88A2-433E-903F-2EEFABC9CF54}.Release|Any CPU.ActiveCfg = Release|Any CPU
		{7B8BF672-88A2-433E-903F-2EEFABC9CF54}.Release|Any CPU.Build.0 = Release|Any CPU
		{C2A783CF-A9B3-4F36-A2FF-A38456B4ACEA}.Debug|Any CPU.ActiveCfg = Debug|Any CPU
		{C2A783CF-A9B3-4F36-A2FF-A38456B4ACEA}.Debug|Any CPU.Build.0 = Debug|Any CPU
		{C2A783CF-A9B3-4F36-A2FF-A38456B4ACEA}.Release|Any CPU.ActiveCfg = Release|Any CPU
		{C2A783CF-A9B3-4F36-A2FF-A38456B4ACEA}.Release|Any CPU.Build.0 = Release|Any CPU
	EndGlobalSection
	GlobalSection(SolutionProperties) = preSolution
		HideSolutionNode = FALSE
	EndGlobalSection
	GlobalSection(ExtensibilityGlobals) = postSolution
		SolutionGuid = {7045D3B2-EC29-4B8E-9293-11A8F6398F7D}
	EndGlobalSection
EndGlobal
